
Microsoft Visual Studio Solution File, Format Version 12.00
# Visual Studio Version 17
VisualStudioVersion = 17.5.002.0
MinimumVisualStudioVersion = 10.0.40219.1
Project("{9A19103F-16F7-4668-BE54-9A1E7A4F7556}") = "PescaAmadora", "PescaAmadora.csproj", "{32CAFC2D-9132-4A37-8069-C4A8E4C78E48}"
EndProject
Global
	GlobalSection(SolutionConfigurationPlatforms) = preSolution
		Debug|Any CPU = Debug|Any CPU
		Release|Any CPU = Release|Any CPU
	EndGlobalSection
	GlobalSection(ProjectConfigurationPlatforms) = postSolution
		{32CAFC2D-9132-4A37-8069-C4A8E4C78E48}.Debug|Any CPU.ActiveCfg = Debug|Any CPU
		{32CAFC2D-9132-4A37-8069-C4A8E4C78E48}.Debug|Any CPU.Build.0 = Debug|Any CPU
		{32CAFC2D-9132-4A37-8069-C4A8E4C78E48}.Release|Any CPU.ActiveCfg = Release|Any CPU
		{32CAFC2D-9132-4A37-8069-C4A8E4C78E48}.Release|Any CPU.Build.0 = Release|Any CPU
	EndGlobalSection
	GlobalSection(SolutionProperties) = preSolution
		HideSolutionNode = FALSE
	EndGlobalSection
	GlobalSection(ExtensibilityGlobals) = postSolution
		SolutionGuid = {B734DB74-B30F-4AB0-B55F-81444FB6BDCA}
	EndGlobalSection
EndGlobal
